
Microsoft Visual Studio Solution File, Format Version 12.00
# Visual Studio Version 16
VisualStudioVersion = 16.0.30225.117
MinimumVisualStudioVersion = 10.0.40219.1
Project("{FAE04EC0-301F-11D3-BF4B-00C04F79EFBC}") = "Automation 2021", "Automation 2021\Automation 2021.csproj", "{4A8F3B4A-9212-4175-A508-DDD0A2CF2F34}"
EndProject
Global
	GlobalSection(SolutionConfigurationPlatforms) = preSolution
		Debug|Any CPU = Debug|Any CPU
		Release|Any CPU = Release|Any CPU
	EndGlobalSection
	GlobalSection(ProjectConfigurationPlatforms) = postSolution
		{4A8F3B4A-9212-4175-A508-DDD0A2CF2F34}.Debug|Any CPU.ActiveCfg = Debug|Any CPU
		{4A8F3B4A-9212-4175-A508-DDD0A2CF2F34}.Debug|Any CPU.Build.0 = Debug|Any CPU
		{4A8F3B4A-9212-4175-A508-DDD0A2CF2F34}.Release|Any CPU.ActiveCfg = Release|Any CPU
		{4A8F3B4A-9212-4175-A508-DDD0A2CF2F34}.Release|Any CPU.Build.0 = Release|Any CPU
	EndGlobalSection
	GlobalSection(SolutionProperties) = preSolution
		HideSolutionNode = FALSE
	EndGlobalSection
	GlobalSection(ExtensibilityGlobals) = postSolution
		SolutionGuid = {56FB4A30-19B3-428B-B893-579C063F5623}
	EndGlobalSection
EndGlobal
